// !$*UTF8*$!
{
	archiveVersion = 1;
	classes = {
	};
	objectVersion = 47;
	objects = {

/* Begin PBXBuildFile section */
		36206D4B1B616CFB00D2F88D /* NSTextFile.mm in Sources */ = {isa = PBXBuildFile; fileRef = 36206D4A1B616CFB00D2F88D /* NSTextFile.mm */; };
		3634AB071B546D4F00E91D84 /* QuadRect.fs in Resources */ = {isa = PBXBuildFile; fileRef = 3634AB051B546D4F00E91D84 /* QuadRect.fs */; };
		3634AB081B546D4F00E91D84 /* QuadRect.vs in Resources */ = {isa = PBXBuildFile; fileRef = 3634AB061B546D4F00E91D84 /* QuadRect.vs */; };
		363B117E1B51DE31009849E9 /* IOSurface2D.mm in Sources */ = {isa = PBXBuildFile; fileRef = 363B117D1B51DE31009849E9 /* IOSurface2D.mm */; };
		363B11811B51DEB1009849E9 /* AppKit.framework in Frameworks */ = {isa = PBXBuildFile; fileRef = C42AC0091417F3E7002D3595 /* AppKit.framework */; };
		363B11821B51DEBE009849E9 /* Foundation.framework in Frameworks */ = {isa = PBXBuildFile; fileRef = C42AC00B1417F3E7002D3595 /* Foundation.framework */; };
		363B11841B51DECA009849E9 /* IOSurface.framework in Frameworks */ = {isa = PBXBuildFile; fileRef = 363B11831B51DECA009849E9 /* IOSurface.framework */; };
		363B11861B51E879009849E9 /* CoreVideo.framework in Frameworks */ = {isa = PBXBuildFile; fileRef = 363B11851B51E879009849E9 /* CoreVideo.framework */; };
		367820961B8523B8005953C6 /* CGImageCopy.mm in Sources */ = {isa = PBXBuildFile; fileRef = 367820951B8523B8005953C6 /* CGImageCopy.mm */; };
		36C0A6F91B6D7CC500FAD910 /* NSBitmap.mm in Sources */ = {isa = PBXBuildFile; fileRef = 36C0A6F81B6D7CC500FAD910 /* NSBitmap.mm */; };
		36E927991B5077730069E3C2 /* GLDIDAppDelegate.mm in Sources */ = {isa = PBXBuildFile; fileRef = 36E927981B5077730069E3C2 /* GLDIDAppDelegate.mm */; };
		36E9279C1B50777E0069E3C2 /* GLView.mm in Sources */ = {isa = PBXBuildFile; fileRef = 36E9279B1B50777E0069E3C2 /* GLView.mm */; };
		36E9279E1B5077870069E3C2 /* main.mm in Sources */ = {isa = PBXBuildFile; fileRef = 36E9279D1B5077870069E3C2 /* main.mm */; };
		36E927A11B5077910069E3C2 /* Quad2D.fs in Resources */ = {isa = PBXBuildFile; fileRef = 36E9279F1B5077910069E3C2 /* Quad2D.fs */; };
		36E927A21B5077910069E3C2 /* Quad2D.vs in Resources */ = {isa = PBXBuildFile; fileRef = 36E927A01B5077910069E3C2 /* Quad2D.vs */; };
		36E927A51B50779C0069E3C2 /* GLProgram.mm in Sources */ = {isa = PBXBuildFile; fileRef = 36E927A41B50779C0069E3C2 /* GLProgram.mm */; };
		36E927A81B5077B40069E3C2 /* GLQuad.mm in Sources */ = {isa = PBXBuildFile; fileRef = 36E927A71B5077B40069E3C2 /* GLQuad.mm */; };
		36E927AB1B5077BE0069E3C2 /* GLShader.mm in Sources */ = {isa = PBXBuildFile; fileRef = 36E927AA1B5077BE0069E3C2 /* GLShader.mm */; };
		36E927AE1B5077D00069E3C2 /* GLTextureDI.mm in Sources */ = {isa = PBXBuildFile; fileRef = 36E927AD1B5077D00069E3C2 /* GLTextureDI.mm */; };
		36E927B61B50784F0069E3C2 /* MainMenu.xib in Resources */ = {isa = PBXBuildFile; fileRef = 36E927B41B50784F0069E3C2 /* MainMenu.xib */; };
		8C6931411B221D3100C274EA /* OpenGL.framework in Frameworks */ = {isa = PBXBuildFile; fileRef = 8C6931401B221D3100C274EA /* OpenGL.framework */; };
		C42AC0071417F3E7002D3595 /* Cocoa.framework in Frameworks */ = {isa = PBXBuildFile; fileRef = C42AC0061417F3E7002D3595 /* Cocoa.framework */; };
/* End PBXBuildFile section */

/* Begin PBXFileReference section */
		36206D491B616CFB00D2F88D /* NSTextFile.h */ = {isa = PBXFileReference; fileEncoding = 4; lastKnownFileType = sourcecode.c.h; name = NSTextFile.h; path = Sources/NSTextFile.h; sourceTree = SOURCE_ROOT; };
		36206D4A1B616CFB00D2F88D /* NSTextFile.mm */ = {isa = PBXFileReference; fileEncoding = 4; lastKnownFileType = sourcecode.cpp.objcpp; name = NSTextFile.mm; path = Sources/NSTextFile.mm; sourceTree = SOURCE_ROOT; };
		3634AB051B546D4F00E91D84 /* QuadRect.fs */ = {isa = PBXFileReference; fileEncoding = 4; lastKnownFileType = sourcecode.glsl; name = QuadRect.fs; path = Sources/QuadRect.fs; sourceTree = SOURCE_ROOT; };
		3634AB061B546D4F00E91D84 /* QuadRect.vs */ = {isa = PBXFileReference; fileEncoding = 4; lastKnownFileType = sourcecode.glsl; name = QuadRect.vs; path = Sources/QuadRect.vs; sourceTree = SOURCE_ROOT; };
		363B117C1B51DE31009849E9 /* IOSurface2D.h */ = {isa = PBXFileReference; fileEncoding = 4; lastKnownFileType = sourcecode.c.h; name = IOSurface2D.h; path = Sources/IOSurface2D.h; sourceTree = SOURCE_ROOT; };
		363B117D1B51DE31009849E9 /* IOSurface2D.mm */ = {isa = PBXFileReference; fileEncoding = 4; lastKnownFileType = sourcecode.cpp.objcpp; name = IOSurface2D.mm; path = Sources/IOSurface2D.mm; sourceTree = SOURCE_ROOT; };
		363B11831B51DECA009849E9 /* IOSurface.framework */ = {isa = PBXFileReference; lastKnownFileType = wrapper.framework; name = IOSurface.framework; path = System/Library/Frameworks/IOSurface.framework; sourceTree = SDKROOT; };
		363B11851B51E879009849E9 /* CoreVideo.framework */ = {isa = PBXFileReference; lastKnownFileType = wrapper.framework; name = CoreVideo.framework; path = System/Library/Frameworks/CoreVideo.framework; sourceTree = SDKROOT; };
		367820941B8523B8005953C6 /* CGImageCopy.h */ = {isa = PBXFileReference; fileEncoding = 4; lastKnownFileType = sourcecode.c.h; name = CGImageCopy.h; path = Sources/CGImageCopy.h; sourceTree = SOURCE_ROOT; };
		367820951B8523B8005953C6 /* CGImageCopy.mm */ = {isa = PBXFileReference; fileEncoding = 4; lastKnownFileType = sourcecode.cpp.objcpp; name = CGImageCopy.mm; path = Sources/CGImageCopy.mm; sourceTree = SOURCE_ROOT; };
		36C0A6F71B6D7CC500FAD910 /* NSBitmap.h */ = {isa = PBXFileReference; fileEncoding = 4; lastKnownFileType = sourcecode.c.h; name = NSBitmap.h; path = Sources/NSBitmap.h; sourceTree = SOURCE_ROOT; };
		36C0A6F81B6D7CC500FAD910 /* NSBitmap.mm */ = {isa = PBXFileReference; fileEncoding = 4; lastKnownFileType = sourcecode.cpp.objcpp; name = NSBitmap.mm; path = Sources/NSBitmap.mm; sourceTree = SOURCE_ROOT; };
		36E927971B5077730069E3C2 /* GLDIDAppDelegate.h */ = {isa = PBXFileReference; fileEncoding = 4; lastKnownFileType = sourcecode.c.h; name = GLDIDAppDelegate.h; path = Sources/GLDIDAppDelegate.h; sourceTree = SOURCE_ROOT; };
		36E927981B5077730069E3C2 /* GLDIDAppDelegate.mm */ = {isa = PBXFileReference; fileEncoding = 4; lastKnownFileType = sourcecode.cpp.objcpp; name = GLDIDAppDelegate.mm; path = Sources/GLDIDAppDelegate.mm; sourceTree = SOURCE_ROOT; };
		36E9279A1B50777E0069E3C2 /* GLView.h */ = {isa = PBXFileReference; fileEncoding = 4; lastKnownFileType = sourcecode.c.h; name = GLView.h; path = Sources/GLView.h; sourceTree = SOURCE_ROOT; };
		36E9279B1B50777E0069E3C2 /* GLView.mm */ = {isa = PBXFileReference; fileEncoding = 4; lastKnownFileType = sourcecode.cpp.objcpp; name = GLView.mm; path = Sources/GLView.mm; sourceTree = SOURCE_ROOT; };
		36E9279D1B5077870069E3C2 /* main.mm */ = {isa = PBXFileReference; fileEncoding = 4; lastKnownFileType = sourcecode.cpp.objcpp; name = main.mm; path = Sources/main.mm; sourceTree = SOURCE_ROOT; };
		36E9279F1B5077910069E3C2 /* Quad2D.fs */ = {isa = PBXFileReference; fileEncoding = 4; lastKnownFileType = sourcecode.glsl; name = Quad2D.fs; path = Sources/Quad2D.fs; sourceTree = SOURCE_ROOT; };
		36E927A01B5077910069E3C2 /* Quad2D.vs */ = {isa = PBXFileReference; fileEncoding = 4; lastKnownFileType = sourcecode.glsl; name = Quad2D.vs; path = Sources/Quad2D.vs; sourceTree = SOURCE_ROOT; };
		36E927A31B50779C0069E3C2 /* GLProgram.h */ = {isa = PBXFileReference; fileEncoding = 4; lastKnownFileType = sourcecode.c.h; name = GLProgram.h; path = Sources/GLProgram.h; sourceTree = SOURCE_ROOT; };
		36E927A41B50779C0069E3C2 /* GLProgram.mm */ = {isa = PBXFileReference; fileEncoding = 4; lastKnownFileType = sourcecode.cpp.objcpp; name = GLProgram.mm; path = Sources/GLProgram.mm; sourceTree = SOURCE_ROOT; };
		36E927A61B5077B40069E3C2 /* GLQuad.h */ = {isa = PBXFileReference; fileEncoding = 4; lastKnownFileType = sourcecode.c.h; name = GLQuad.h; path = Sources/GLQuad.h; sourceTree = SOURCE_ROOT; };
		36E927A71B5077B40069E3C2 /* GLQuad.mm */ = {isa = PBXFileReference; fileEncoding = 4; lastKnownFileType = sourcecode.cpp.objcpp; name = GLQuad.mm; path = Sources/GLQuad.mm; sourceTree = SOURCE_ROOT; };
		36E927A91B5077BE0069E3C2 /* GLShader.h */ = {isa = PBXFileReference; fileEncoding = 4; lastKnownFileType = sourcecode.c.h; name = GLShader.h; path = Sources/GLShader.h; sourceTree = SOURCE_ROOT; };
		36E927AA1B5077BE0069E3C2 /* GLShader.mm */ = {isa = PBXFileReference; fileEncoding = 4; lastKnownFileType = sourcecode.cpp.objcpp; name = GLShader.mm; path = Sources/GLShader.mm; sourceTree = SOURCE_ROOT; };
		36E927AC1B5077D00069E3C2 /* GLTextureDI.h */ = {isa = PBXFileReference; fileEncoding = 4; lastKnownFileType = sourcecode.c.h; name = GLTextureDI.h; path = Sources/GLTextureDI.h; sourceTree = SOURCE_ROOT; };
		36E927AD1B5077D00069E3C2 /* GLTextureDI.mm */ = {isa = PBXFileReference; fileEncoding = 4; lastKnownFileType = sourcecode.cpp.objcpp; name = GLTextureDI.mm; path = Sources/GLTextureDI.mm; sourceTree = SOURCE_ROOT; };
		36E927AF1B5077DE0069E3C2 /* GLDeepImageDisplay-Info.plist */ = {isa = PBXFileReference; fileEncoding = 4; lastKnownFileType = text.plist.xml; name = "GLDeepImageDisplay-Info.plist"; path = "Sources/GLDeepImageDisplay-Info.plist"; sourceTree = SOURCE_ROOT; };
		36E927B01B5077DE0069E3C2 /* GLDeepImageDisplay-Prefix.pch */ = {isa = PBXFileReference; fileEncoding = 4; lastKnownFileType = sourcecode.c.h; name = "GLDeepImageDisplay-Prefix.pch"; path = "Sources/GLDeepImageDisplay-Prefix.pch"; sourceTree = SOURCE_ROOT; };
		36E927B51B50784F0069E3C2 /* en */ = {isa = PBXFileReference; lastKnownFileType = file.xib; name = en; path = Sources/en.lproj/MainMenu.xib; sourceTree = SOURCE_ROOT; };
		8C6931401B221D3100C274EA /* OpenGL.framework */ = {isa = PBXFileReference; lastKnownFileType = wrapper.framework; name = OpenGL.framework; path = System/Library/Frameworks/OpenGL.framework; sourceTree = SDKROOT; };
		C42AC0021417F3E7002D3595 /* GLDeepImageDisplay.app */ = {isa = PBXFileReference; explicitFileType = wrapper.application; includeInIndex = 0; path = GLDeepImageDisplay.app; sourceTree = BUILT_PRODUCTS_DIR; };
		C42AC0061417F3E7002D3595 /* Cocoa.framework */ = {isa = PBXFileReference; lastKnownFileType = wrapper.framework; name = Cocoa.framework; path = System/Library/Frameworks/Cocoa.framework; sourceTree = SDKROOT; };
		C42AC0091417F3E7002D3595 /* AppKit.framework */ = {isa = PBXFileReference; lastKnownFileType = wrapper.framework; name = AppKit.framework; path = System/Library/Frameworks/AppKit.framework; sourceTree = SDKROOT; };
		C42AC00B1417F3E7002D3595 /* Foundation.framework */ = {isa = PBXFileReference; lastKnownFileType = wrapper.framework; name = Foundation.framework; path = System/Library/Frameworks/Foundation.framework; sourceTree = SDKROOT; };
/* End PBXFileReference section */

/* Begin PBXFrameworksBuildPhase section */
		C42ABFFF1417F3E7002D3595 /* Frameworks */ = {
			isa = PBXFrameworksBuildPhase;
			buildActionMask = 2147483647;
			files = (
				363B11861B51E879009849E9 /* CoreVideo.framework in Frameworks */,
				363B11841B51DECA009849E9 /* IOSurface.framework in Frameworks */,
				363B11821B51DEBE009849E9 /* Foundation.framework in Frameworks */,
				363B11811B51DEB1009849E9 /* AppKit.framework in Frameworks */,
				8C6931411B221D3100C274EA /* OpenGL.framework in Frameworks */,
				C42AC0071417F3E7002D3595 /* Cocoa.framework in Frameworks */,
			);
			runOnlyForDeploymentPostprocessing = 0;
		};
/* End PBXFrameworksBuildPhase section */

/* Begin PBXGroup section */
		3602AAFE1B5043DA00DB219F /* Shaders */ = {
			isa = PBXGroup;
			children = (
				36E927A01B5077910069E3C2 /* Quad2D.vs */,
				36E9279F1B5077910069E3C2 /* Quad2D.fs */,
				3634AB061B546D4F00E91D84 /* QuadRect.vs */,
				3634AB051B546D4F00E91D84 /* QuadRect.fs */,
			);
			name = Shaders;
			sourceTree = "<group>";
		};
		36206D481B616CEB00D2F88D /* Text File */ = {
			isa = PBXGroup;
			children = (
				36206D491B616CFB00D2F88D /* NSTextFile.h */,
				36206D4A1B616CFB00D2F88D /* NSTextFile.mm */,
			);
			name = "Text File";
			sourceTree = "<group>";
		};
		363730A71B4F7E85006298BF /* App Delegate */ = {
			isa = PBXGroup;
			children = (
				36E927971B5077730069E3C2 /* GLDIDAppDelegate.h */,
				36E927981B5077730069E3C2 /* GLDIDAppDelegate.mm */,
			);
			name = "App Delegate";
			sourceTree = "<group>";
		};
		363730A81B4F7E97006298BF /* Custom View */ = {
			isa = PBXGroup;
			children = (
				36E9279A1B50777E0069E3C2 /* GLView.h */,
				36E9279B1B50777E0069E3C2 /* GLView.mm */,
			);
			name = "Custom View";
			sourceTree = "<group>";
		};
		363730A91B4F7EB2006298BF /* Other */ = {
			isa = PBXGroup;
			children = (
				36E9279D1B5077870069E3C2 /* main.mm */,
			);
			name = Other;
			sourceTree = "<group>";
		};
		363730AA1B4F7ECE006298BF /* Utilities */ = {
			isa = PBXGroup;
			children = (
				36C0A6F61B6D7CAF00FAD910 /* Bitmap */,
				367820931B8523A2005953C6 /* Copy */,
				363B117F1B51DE3C009849E9 /* I/O Surface 2D */,
				36206D481B616CEB00D2F88D /* Text File */,
				363B11801B51DE5F009849E9 /* OpenGL */,
			);
			name = Utilities;
			sourceTree = "<group>";
		};
		363730AB1B4F7EE9006298BF /* Shader */ = {
			isa = PBXGroup;
			children = (
				36E927A91B5077BE0069E3C2 /* GLShader.h */,
				36E927AA1B5077BE0069E3C2 /* GLShader.mm */,
			);
			name = Shader;
			sourceTree = "<group>";
		};
		363730AC1B4F7EFE006298BF /* Program */ = {
			isa = PBXGroup;
			children = (
				36E927A31B50779C0069E3C2 /* GLProgram.h */,
				36E927A41B50779C0069E3C2 /* GLProgram.mm */,
			);
			name = Program;
			sourceTree = "<group>";
		};
		363730AD1B4F7F15006298BF /* Quad */ = {
			isa = PBXGroup;
			children = (
				36E927A61B5077B40069E3C2 /* GLQuad.h */,
				36E927A71B5077B40069E3C2 /* GLQuad.mm */,
			);
			name = Quad;
			sourceTree = "<group>";
		};
		363730AE1B4F7F28006298BF /* Texture */ = {
			isa = PBXGroup;
			children = (
				36E927AC1B5077D00069E3C2 /* GLTextureDI.h */,
				36E927AD1B5077D00069E3C2 /* GLTextureDI.mm */,
			);
			name = Texture;
			sourceTree = "<group>";
		};
		363B117F1B51DE3C009849E9 /* I/O Surface 2D */ = {
			isa = PBXGroup;
			children = (
				363B117C1B51DE31009849E9 /* IOSurface2D.h */,
				363B117D1B51DE31009849E9 /* IOSurface2D.mm */,
			);
			name = "I/O Surface 2D";
			sourceTree = "<group>";
		};
		363B11801B51DE5F009849E9 /* OpenGL */ = {
			isa = PBXGroup;
			children = (
				363730AC1B4F7EFE006298BF /* Program */,
				363730AD1B4F7F15006298BF /* Quad */,
				363730AB1B4F7EE9006298BF /* Shader */,
				363730AE1B4F7F28006298BF /* Texture */,
			);
			name = OpenGL;
			sourceTree = "<group>";
		};
		367820931B8523A2005953C6 /* Copy */ = {
			isa = PBXGroup;
			children = (
				367820941B8523B8005953C6 /* CGImageCopy.h */,
				367820951B8523B8005953C6 /* CGImageCopy.mm */,
			);
			name = Copy;
			sourceTree = "<group>";
		};
		36C0A6F61B6D7CAF00FAD910 /* Bitmap */ = {
			isa = PBXGroup;
			children = (
				36C0A6F71B6D7CC500FAD910 /* NSBitmap.h */,
				36C0A6F81B6D7CC500FAD910 /* NSBitmap.mm */,
			);
			name = Bitmap;
			sourceTree = "<group>";
		};
		C42ABFF71417F3E7002D3595 = {
			isa = PBXGroup;
			children = (
				C42AC00C1417F3E7002D3595 /* DeepImageDisplay */,
				C42AC0051417F3E7002D3595 /* Frameworks */,
				C42AC00D1417F3E7002D3595 /* Supporting Files */,
				C42AC0031417F3E7002D3595 /* Products */,
			);
			sourceTree = "<group>";
		};
		C42AC0031417F3E7002D3595 /* Products */ = {
			isa = PBXGroup;
			children = (
				C42AC0021417F3E7002D3595 /* GLDeepImageDisplay.app */,
			);
			name = Products;
			sourceTree = "<group>";
		};
		C42AC0051417F3E7002D3595 /* Frameworks */ = {
			isa = PBXGroup;
			children = (
				C42AC0091417F3E7002D3595 /* AppKit.framework */,
				C42AC0061417F3E7002D3595 /* Cocoa.framework */,
				363B11851B51E879009849E9 /* CoreVideo.framework */,
				C42AC00B1417F3E7002D3595 /* Foundation.framework */,
				363B11831B51DECA009849E9 /* IOSurface.framework */,
				8C6931401B221D3100C274EA /* OpenGL.framework */,
			);
			name = Frameworks;
			sourceTree = "<group>";
		};
		C42AC00C1417F3E7002D3595 /* DeepImageDisplay */ = {
			isa = PBXGroup;
			children = (
				363730A71B4F7E85006298BF /* App Delegate */,
				363730A81B4F7E97006298BF /* Custom View */,
				363730A91B4F7EB2006298BF /* Other */,
				3602AAFE1B5043DA00DB219F /* Shaders */,
				363730AA1B4F7ECE006298BF /* Utilities */,
			);
			path = DeepImageDisplay;
			sourceTree = "<group>";
		};
		C42AC00D1417F3E7002D3595 /* Supporting Files */ = {
			isa = PBXGroup;
			children = (
				36E927AF1B5077DE0069E3C2 /* GLDeepImageDisplay-Info.plist */,
				36E927B01B5077DE0069E3C2 /* GLDeepImageDisplay-Prefix.pch */,
				36E927B41B50784F0069E3C2 /* MainMenu.xib */,
			);
			name = "Supporting Files";
			path = DeepImageDisplay;
			sourceTree = "<group>";
		};
/* End PBXGroup section */

/* Begin PBXNativeTarget section */
		C42AC0011417F3E7002D3595 /* GLDeepImageDisplay */ = {
			isa = PBXNativeTarget;
			buildConfigurationList = C42AC0201417F3E8002D3595 /* Build configuration list for PBXNativeTarget "GLDeepImageDisplay" */;
			buildPhases = (
				C42ABFFE1417F3E7002D3595 /* Sources */,
				C42ABFFF1417F3E7002D3595 /* Frameworks */,
				C42AC0001417F3E7002D3595 /* Resources */,
			);
			buildRules = (
			);
			dependencies = (
			);
			name = GLDeepImageDisplay;
			productName = DeepImageDisplay;
			productReference = C42AC0021417F3E7002D3595 /* GLDeepImageDisplay.app */;
			productType = "com.apple.product-type.application";
		};
/* End PBXNativeTarget section */

/* Begin PBXProject section */
		C42ABFF91417F3E7002D3595 /* Project object */ = {
			isa = PBXProject;
			attributes = {
				LastUpgradeCheck = 1010;
			};
			buildConfigurationList = C42ABFFC1417F3E7002D3595 /* Build configuration list for PBXProject "GLDeepImageDisplay" */;
			compatibilityVersion = "Xcode 6.3";
			developmentRegion = English;
			hasScannedForEncodings = 0;
			knownRegions = (
				en,
			);
			mainGroup = C42ABFF71417F3E7002D3595;
			productRefGroup = C42AC0031417F3E7002D3595 /* Products */;
			projectDirPath = "";
			projectRoot = "";
			targets = (
				C42AC0011417F3E7002D3595 /* GLDeepImageDisplay */,
			);
		};
/* End PBXProject section */

/* Begin PBXResourcesBuildPhase section */
		C42AC0001417F3E7002D3595 /* Resources */ = {
			isa = PBXResourcesBuildPhase;
			buildActionMask = 2147483647;
			files = (
				36E927B61B50784F0069E3C2 /* MainMenu.xib in Resources */,
				36E927A11B5077910069E3C2 /* Quad2D.fs in Resources */,
				3634AB071B546D4F00E91D84 /* QuadRect.fs in Resources */,
				3634AB081B546D4F00E91D84 /* QuadRect.vs in Resources */,
				36E927A21B5077910069E3C2 /* Quad2D.vs in Resources */,
			);
			runOnlyForDeploymentPostprocessing = 0;
		};
/* End PBXResourcesBuildPhase section */

/* Begin PBXSourcesBuildPhase section */
		C42ABFFE1417F3E7002D3595 /* Sources */ = {
			isa = PBXSourcesBuildPhase;
			buildActionMask = 2147483647;
			files = (
				36E927AE1B5077D00069E3C2 /* GLTextureDI.mm in Sources */,
				36C0A6F91B6D7CC500FAD910 /* NSBitmap.mm in Sources */,
				36E927991B5077730069E3C2 /* GLDIDAppDelegate.mm in Sources */,
				367820961B8523B8005953C6 /* CGImageCopy.mm in Sources */,
				36E9279E1B5077870069E3C2 /* main.mm in Sources */,
				36E9279C1B50777E0069E3C2 /* GLView.mm in Sources */,
				36206D4B1B616CFB00D2F88D /* NSTextFile.mm in Sources */,
				36E927AB1B5077BE0069E3C2 /* GLShader.mm in Sources */,
				363B117E1B51DE31009849E9 /* IOSurface2D.mm in Sources */,
				36E927A51B50779C0069E3C2 /* GLProgram.mm in Sources */,
				36E927A81B5077B40069E3C2 /* GLQuad.mm in Sources */,
			);
			runOnlyForDeploymentPostprocessing = 0;
		};
/* End PBXSourcesBuildPhase section */

/* Begin PBXVariantGroup section */
		36E927B41B50784F0069E3C2 /* MainMenu.xib */ = {
			isa = PBXVariantGroup;
			children = (
				36E927B51B50784F0069E3C2 /* en */,
			);
			name = MainMenu.xib;
			sourceTree = "<group>";
		};
/* End PBXVariantGroup section */

/* Begin XCBuildConfiguration section */
		C42AC01E1417F3E8002D3595 /* Debug */ = {
			isa = XCBuildConfiguration;
			buildSettings = {
				ALWAYS_SEARCH_USER_PATHS = NO;
				CLANG_CXX_LANGUAGE_STANDARD = "gnu++0x";
				CLANG_CXX_LIBRARY = "libc++";
				CLANG_WARN_BLOCK_CAPTURE_AUTORELEASING = YES;
				CLANG_WARN_BOOL_CONVERSION = YES;
				CLANG_WARN_COMMA = YES;
				CLANG_WARN_CONSTANT_CONVERSION = YES;
				CLANG_WARN_DEPRECATED_OBJC_IMPLEMENTATIONS = YES;
				CLANG_WARN_EMPTY_BODY = YES;
				CLANG_WARN_ENUM_CONVERSION = YES;
				CLANG_WARN_INFINITE_RECURSION = YES;
				CLANG_WARN_INT_CONVERSION = YES;
				CLANG_WARN_NON_LITERAL_NULL_CONVERSION = YES;
				CLANG_WARN_OBJC_IMPLICIT_RETAIN_SELF = YES;
				CLANG_WARN_OBJC_LITERAL_CONVERSION = YES;
				CLANG_WARN_RANGE_LOOP_ANALYSIS = YES;
				CLANG_WARN_STRICT_PROTOTYPES = YES;
				CLANG_WARN_SUSPICIOUS_MOVE = YES;
				CLANG_WARN_UNREACHABLE_CODE = YES;
				CLANG_WARN__DUPLICATE_METHOD_MATCH = YES;
				COPY_PHASE_STRIP = NO;
				DEAD_CODE_STRIPPING = YES;
				DEBUG_INFORMATION_FORMAT = "dwarf-with-dsym";
				ENABLE_STRICT_OBJC_MSGSEND = YES;
				ENABLE_TESTABILITY = YES;
				GCC_C_LANGUAGE_STANDARD = c11;
				GCC_ENABLE_OBJC_EXCEPTIONS = YES;
				GCC_NO_COMMON_BLOCKS = YES;
				GCC_OPTIMIZATION_LEVEL = 0;
				GCC_PREPROCESSOR_DEFINITIONS = (
					"DEBUG=1",
					"$(inherited)",
				);
				GCC_WARN_64_TO_32_BIT_CONVERSION = YES;
				GCC_WARN_ABOUT_MISSING_PROTOTYPES = YES;
				GCC_WARN_ABOUT_RETURN_TYPE = YES;
				GCC_WARN_UNDECLARED_SELECTOR = YES;
				GCC_WARN_UNINITIALIZED_AUTOS = YES;
				GCC_WARN_UNUSED_FUNCTION = YES;
				GCC_WARN_UNUSED_VARIABLE = YES;
				LINKER_DISPLAYS_MANGLED_NAMES = YES;
				MACOSX_DEPLOYMENT_TARGET = 10.11;
				ONLY_ACTIVE_ARCH = YES;
				SDKROOT = macosx;
				STRIP_INSTALLED_PRODUCT = NO;
			};
			name = Debug;
		};
		C42AC01F1417F3E8002D3595 /* Release */ = {
			isa = XCBuildConfiguration;
			buildSettings = {
				ALWAYS_SEARCH_USER_PATHS = NO;
				CLANG_CXX_LANGUAGE_STANDARD = "gnu++0x";
				CLANG_CXX_LIBRARY = "libc++";
				CLANG_WARN_BLOCK_CAPTURE_AUTORELEASING = YES;
				CLANG_WARN_BOOL_CONVERSION = YES;
				CLANG_WARN_COMMA = YES;
				CLANG_WARN_CONSTANT_CONVERSION = YES;
				CLANG_WARN_DEPRECATED_OBJC_IMPLEMENTATIONS = YES;
				CLANG_WARN_EMPTY_BODY = YES;
				CLANG_WARN_ENUM_CONVERSION = YES;
				CLANG_WARN_INFINITE_RECURSION = YES;
				CLANG_WARN_INT_CONVERSION = YES;
				CLANG_WARN_NON_LITERAL_NULL_CONVERSION = YES;
				CLANG_WARN_OBJC_IMPLICIT_RETAIN_SELF = YES;
				CLANG_WARN_OBJC_LITERAL_CONVERSION = YES;
				CLANG_WARN_RANGE_LOOP_ANALYSIS = YES;
				CLANG_WARN_STRICT_PROTOTYPES = YES;
				CLANG_WARN_SUSPICIOUS_MOVE = YES;
				CLANG_WARN_UNREACHABLE_CODE = YES;
				CLANG_WARN__DUPLICATE_METHOD_MATCH = YES;
				DEAD_CODE_STRIPPING = YES;
				DEBUG_INFORMATION_FORMAT = "dwarf-with-dsym";
				ENABLE_STRICT_OBJC_MSGSEND = YES;
				GCC_C_LANGUAGE_STANDARD = c11;
				GCC_ENABLE_OBJC_EXCEPTIONS = YES;
				GCC_NO_COMMON_BLOCKS = YES;
				GCC_SYMBOLS_PRIVATE_EXTERN = YES;
				GCC_UNROLL_LOOPS = YES;
				GCC_WARN_64_TO_32_BIT_CONVERSION = YES;
				GCC_WARN_ABOUT_MISSING_PROTOTYPES = YES;
				GCC_WARN_ABOUT_RETURN_TYPE = YES;
				GCC_WARN_UNDECLARED_SELECTOR = YES;
				GCC_WARN_UNINITIALIZED_AUTOS = YES;
				GCC_WARN_UNUSED_FUNCTION = YES;
				GCC_WARN_UNUSED_VARIABLE = YES;
				LLVM_LTO = YES;
				MACOSX_DEPLOYMENT_TARGET = 10.11;
				SDKROOT = macosx;
			};
			name = Release;
		};
		C42AC0211417F3E8002D3595 /* Debug */ = {
			isa = XCBuildConfiguration;
			buildSettings = {
				CLANG_ENABLE_OBJC_WEAK = YES;
				COMBINE_HIDPI_IMAGES = YES;
				GCC_PRECOMPILE_PREFIX_HEADER = YES;
				GCC_PREFIX_HEADER = "Sources/GLDeepImageDisplay-Prefix.pch";
				INFOPLIST_FILE = "Sources/GLDeepImageDisplay-Info.plist";
				MACOSX_DEPLOYMENT_TARGET = 10.11;
				PRODUCT_BUNDLE_IDENTIFIER = "com.apple-samplecode.$(PRODUCT_NAME:rfc1034identifier)";
				PRODUCT_NAME = GLDeepImageDisplay;
				WRAPPER_EXTENSION = app;
			};
			name = Debug;
		};
		C42AC0221417F3E8002D3595 /* Release */ = {
			isa = XCBuildConfiguration;
			buildSettings = {
				CLANG_ENABLE_OBJC_WEAK = YES;
				COMBINE_HIDPI_IMAGES = YES;
				GCC_PRECOMPILE_PREFIX_HEADER = YES;
				GCC_PREFIX_HEADER = "Sources/GLDeepImageDisplay-Prefix.pch";
				INFOPLIST_FILE = "Sources/GLDeepImageDisplay-Info.plist";
				MACOSX_DEPLOYMENT_TARGET = 10.11;
				PRODUCT_BUNDLE_IDENTIFIER = "com.apple-samplecode.$(PRODUCT_NAME:rfc1034identifier)";
				PRODUCT_NAME = GLDeepImageDisplay;
				WRAPPER_EXTENSION = app;
			};
			name = Release;
		};
/* End XCBuildConfiguration section */

/* Begin XCConfigurationList section */
		C42ABFFC1417F3E7002D3595 /* Build configuration list for PBXProject "GLDeepImageDisplay" */ = {
			isa = XCConfigurationList;
			buildConfigurations = (
				C42AC01E1417F3E8002D3595 /* Debug */,
				C42AC01F1417F3E8002D3595 /* Release */,
			);
			defaultConfigurationIsVisible = 0;
			defaultConfigurationName = Release;
		};
		C42AC0201417F3E8002D3595 /* Build configuration list for PBXNativeTarget "GLDeepImageDisplay" */ = {
			isa = XCConfigurationList;
			buildConfigurations = (
				C42AC0211417F3E8002D3595 /* Debug */,
				C42AC0221417F3E8002D3595 /* Release */,
			);
			defaultConfigurationIsVisible = 0;
			defaultConfigurationName = Release;
		};
/* End XCConfigurationList section */
	};
	rootObject = C42ABFF91417F3E7002D3595 /* Project object */;
}
