// !$*UTF8*$!
{
	archiveVersion = 1;
	classes = {
	};
	objectVersion = 50;
	objects = {

/* Begin PBXBuildFile section */
		269B6C3325FFD57F00E26A95 /* AppDelegate.m in Sources */ = {isa = PBXBuildFile; fileRef = 269B6C3225FFD57F00E26A95 /* AppDelegate.m */; };
		269B6C3525FFD58000E26A95 /* Assets.xcassets in Resources */ = {isa = PBXBuildFile; fileRef = 269B6C3425FFD58000E26A95 /* Assets.xcassets */; };
		269B6C3825FFD58000E26A95 /* MainMenu.xib in Resources */ = {isa = PBXBuildFile; fileRef = 269B6C3625FFD58000E26A95 /* MainMenu.xib */; };
		269B6C3B25FFD58000E26A95 /* main.m in Sources */ = {isa = PBXBuildFile; fileRef = 269B6C3A25FFD58000E26A95 /* main.m */; };
		269B6C4425FFD6A300E26A95 /* CircleView.m in Sources */ = {isa = PBXBuildFile; fileRef = 269B6C4225FFD6A300E26A95 /* CircleView.m */; };
/* End PBXBuildFile section */

/* Begin PBXFileReference section */
		269B6C2E25FFD57F00E26A95 /* CircleViewNew.app */ = {isa = PBXFileReference; explicitFileType = wrapper.application; includeInIndex = 0; path = CircleViewNew.app; sourceTree = BUILT_PRODUCTS_DIR; };
		269B6C3125FFD57F00E26A95 /* AppDelegate.h */ = {isa = PBXFileReference; lastKnownFileType = sourcecode.c.h; path = AppDelegate.h; sourceTree = "<group>"; };
		269B6C3225FFD57F00E26A95 /* AppDelegate.m */ = {isa = PBXFileReference; lastKnownFileType = sourcecode.c.objc; path = AppDelegate.m; sourceTree = "<group>"; };
		269B6C3425FFD58000E26A95 /* Assets.xcassets */ = {isa = PBXFileReference; lastKnownFileType = folder.assetcatalog; path = Assets.xcassets; sourceTree = "<group>"; };
		269B6C3725FFD58000E26A95 /* Base */ = {isa = PBXFileReference; lastKnownFileType = file.xib; name = Base; path = Base.lproj/MainMenu.xib; sourceTree = "<group>"; };
		269B6C3925FFD58000E26A95 /* Info.plist */ = {isa = PBXFileReference; lastKnownFileType = text.plist.xml; path = Info.plist; sourceTree = "<group>"; };
		269B6C3A25FFD58000E26A95 /* main.m */ = {isa = PBXFileReference; lastKnownFileType = sourcecode.c.objc; path = main.m; sourceTree = "<group>"; };
		269B6C3C25FFD58000E26A95 /* CircleViewNew.entitlements */ = {isa = PBXFileReference; lastKnownFileType = text.plist.entitlements; path = CircleViewNew.entitlements; sourceTree = "<group>"; };
		269B6C4225FFD6A300E26A95 /* CircleView.m */ = {isa = PBXFileReference; fileEncoding = 4; lastKnownFileType = sourcecode.c.objc; path = CircleView.m; sourceTree = "<group>"; };
		269B6C4325FFD6A300E26A95 /* CircleView.h */ = {isa = PBXFileReference; fileEncoding = 4; lastKnownFileType = sourcecode.c.h; path = CircleView.h; sourceTree = "<group>"; };
/* End PBXFileReference section */

/* Begin PBXFrameworksBuildPhase section */
		269B6C2B25FFD57F00E26A95 /* Frameworks */ = {
			isa = PBXFrameworksBuildPhase;
			buildActionMask = 2147483647;
			files = (
			);
			runOnlyForDeploymentPostprocessing = 0;
		};
/* End PBXFrameworksBuildPhase section */

/* Begin PBXGroup section */
		269B6C2525FFD57F00E26A95 = {
			isa = PBXGroup;
			children = (
				269B6C3025FFD57F00E26A95 /* CircleViewNew */,
				269B6C2F25FFD57F00E26A95 /* Products */,
			);
			sourceTree = "<group>";
		};
		269B6C2F25FFD57F00E26A95 /* Products */ = {
			isa = PBXGroup;
			children = (
				269B6C2E25FFD57F00E26A95 /* CircleViewNew.app */,
			);
			name = Products;
			sourceTree = "<group>";
		};
		269B6C3025FFD57F00E26A95 /* CircleViewNew */ = {
			isa = PBXGroup;
			children = (
				269B6C4325FFD6A300E26A95 /* CircleView.h */,
				269B6C4225FFD6A300E26A95 /* CircleView.m */,
				269B6C3125FFD57F00E26A95 /* AppDelegate.h */,
				269B6C3225FFD57F00E26A95 /* AppDelegate.m */,
				269B6C3425FFD58000E26A95 /* Assets.xcassets */,
				269B6C3625FFD58000E26A95 /* MainMenu.xib */,
				269B6C3925FFD58000E26A95 /* Info.plist */,
				269B6C3A25FFD58000E26A95 /* main.m */,
				269B6C3C25FFD58000E26A95 /* CircleViewNew.entitlements */,
			);
			path = CircleViewNew;
			sourceTree = "<group>";
		};
/* End PBXGroup section */

/* Begin PBXNativeTarget section */
		269B6C2D25FFD57F00E26A95 /* CircleViewNew */ = {
			isa = PBXNativeTarget;
			buildConfigurationList = 269B6C3F25FFD58000E26A95 /* Build configuration list for PBXNativeTarget "CircleViewNew" */;
			buildPhases = (
				269B6C2A25FFD57F00E26A95 /* Sources */,
				269B6C2B25FFD57F00E26A95 /* Frameworks */,
				269B6C2C25FFD57F00E26A95 /* Resources */,
			);
			buildRules = (
			);
			dependencies = (
			);
			name = CircleViewNew;
			productName = CircleViewNew;
			productReference = 269B6C2E25FFD57F00E26A95 /* CircleViewNew.app */;
			productType = "com.apple.product-type.application";
		};
/* End PBXNativeTarget section */

/* Begin PBXProject section */
		269B6C2625FFD57F00E26A95 /* Project object */ = {
			isa = PBXProject;
			attributes = {
				LastUpgradeCheck = 1130;
				ORGANIZATIONNAME = LegoEsprit;
				TargetAttributes = {
					269B6C2D25FFD57F00E26A95 = {
						CreatedOnToolsVersion = 11.3.1;
					};
				};
			};
			buildConfigurationList = 269B6C2925FFD57F00E26A95 /* Build configuration list for PBXProject "CircleViewNew" */;
			compatibilityVersion = "Xcode 9.3";
			developmentRegion = en;
			hasScannedForEncodings = 0;
			knownRegions = (
				en,
				Base,
			);
			mainGroup = 269B6C2525FFD57F00E26A95;
			productRefGroup = 269B6C2F25FFD57F00E26A95 /* Products */;
			projectDirPath = "";
			projectRoot = "";
			targets = (
				269B6C2D25FFD57F00E26A95 /* CircleViewNew */,
			);
		};
/* End PBXProject section */

/* Begin PBXResourcesBuildPhase section */
		269B6C2C25FFD57F00E26A95 /* Resources */ = {
			isa = PBXResourcesBuildPhase;
			buildActionMask = 2147483647;
			files = (
				269B6C3525FFD58000E26A95 /* Assets.xcassets in Resources */,
				269B6C3825FFD58000E26A95 /* MainMenu.xib in Resources */,
			);
			runOnlyForDeploymentPostprocessing = 0;
		};
/* End PBXResourcesBuildPhase section */

/* Begin PBXSourcesBuildPhase section */
		269B6C2A25FFD57F00E26A95 /* Sources */ = {
			isa = PBXSourcesBuildPhase;
			buildActionMask = 2147483647;
			files = (
				269B6C3B25FFD58000E26A95 /* main.m in Sources */,
				269B6C3325FFD57F00E26A95 /* AppDelegate.m in Sources */,
				269B6C4425FFD6A300E26A95 /* CircleView.m in Sources */,
			);
			runOnlyForDeploymentPostprocessing = 0;
		};
/* End PBXSourcesBuildPhase section */

/* Begin PBXVariantGroup section */
		269B6C3625FFD58000E26A95 /* MainMenu.xib */ = {
			isa = PBXVariantGroup;
			children = (
				269B6C3725FFD58000E26A95 /* Base */,
			);
			name = MainMenu.xib;
			sourceTree = "<group>";
		};
/* End PBXVariantGroup section */

/* Begin XCBuildConfiguration section */
		269B6C3D25FFD58000E26A95 /* Debug */ = {
			isa = XCBuildConfiguration;
			buildSettings = {
				ALWAYS_SEARCH_USER_PATHS = NO;
				CLANG_ANALYZER_NONNULL = YES;
				CLANG_ANALYZER_NUMBER_OBJECT_CONVERSION = YES_AGGRESSIVE;
				CLANG_CXX_LANGUAGE_STANDARD = "gnu++14";
				CLANG_CXX_LIBRARY = "libc++";
				CLANG_ENABLE_MODULES = YES;
				CLANG_ENABLE_OBJC_ARC = YES;
				CLANG_ENABLE_OBJC_WEAK = YES;
				CLANG_WARN_BLOCK_CAPTURE_AUTORELEASING = YES;
				CLANG_WARN_BOOL_CONVERSION = YES;
				CLANG_WARN_COMMA = YES;
				CLANG_WARN_CONSTANT_CONVERSION = YES;
				CLANG_WARN_DEPRECATED_OBJC_IMPLEMENTATIONS = YES;
				CLANG_WARN_DIRECT_OBJC_ISA_USAGE = YES_ERROR;
				CLANG_WARN_DOCUMENTATION_COMMENTS = YES;
				CLANG_WARN_EMPTY_BODY = YES;
				CLANG_WARN_ENUM_CONVERSION = YES;
				CLANG_WARN_INFINITE_RECURSION = YES;
				CLANG_WARN_INT_CONVERSION = YES;
				CLANG_WARN_NON_LITERAL_NULL_CONVERSION = YES;
				CLANG_WARN_OBJC_IMPLICIT_RETAIN_SELF = YES;
				CLANG_WARN_OBJC_LITERAL_CONVERSION = YES;
				CLANG_WARN_OBJC_ROOT_CLASS = YES_ERROR;
				CLANG_WARN_RANGE_LOOP_ANALYSIS = YES;
				CLANG_WARN_STRICT_PROTOTYPES = YES;
				CLANG_WARN_SUSPICIOUS_MOVE = YES;
				CLANG_WARN_UNGUARDED_AVAILABILITY = YES_AGGRESSIVE;
				CLANG_WARN_UNREACHABLE_CODE = YES;
				CLANG_WARN__DUPLICATE_METHOD_MATCH = YES;
				COPY_PHASE_STRIP = NO;
				DEBUG_INFORMATION_FORMAT = dwarf;
				ENABLE_STRICT_OBJC_MSGSEND = YES;
				ENABLE_TESTABILITY = YES;
				GCC_C_LANGUAGE_STANDARD = gnu11;
				GCC_DYNAMIC_NO_PIC = NO;
				GCC_NO_COMMON_BLOCKS = YES;
				GCC_OPTIMIZATION_LEVEL = 0;
				GCC_PREPROCESSOR_DEFINITIONS = (
					"DEBUG=1",
					"$(inherited)",
				);
				GCC_WARN_64_TO_32_BIT_CONVERSION = YES;
				GCC_WARN_ABOUT_RETURN_TYPE = YES_ERROR;
				GCC_WARN_UNDECLARED_SELECTOR = YES;
				GCC_WARN_UNINITIALIZED_AUTOS = YES_AGGRESSIVE;
				GCC_WARN_UNUSED_FUNCTION = YES;
				GCC_WARN_UNUSED_VARIABLE = YES;
				MACOSX_DEPLOYMENT_TARGET = 10.13;
				MTL_ENABLE_DEBUG_INFO = INCLUDE_SOURCE;
				MTL_FAST_MATH = YES;
				ONLY_ACTIVE_ARCH = YES;
				SDKROOT = macosx;
			};
			name = Debug;
		};
		269B6C3E25FFD58000E26A95 /* Release */ = {
			isa = XCBuildConfiguration;
			buildSettings = {
				ALWAYS_SEARCH_USER_PATHS = NO;
				CLANG_ANALYZER_NONNULL = YES;
				CLANG_ANALYZER_NUMBER_OBJECT_CONVERSION = YES_AGGRESSIVE;
				CLANG_CXX_LANGUAGE_STANDARD = "gnu++14";
				CLANG_CXX_LIBRARY = "libc++";
				CLANG_ENABLE_MODULES = YES;
				CLANG_ENABLE_OBJC_ARC = YES;
				CLANG_ENABLE_OBJC_WEAK = YES;
				CLANG_WARN_BLOCK_CAPTURE_AUTORELEASING = YES;
				CLANG_WARN_BOOL_CONVERSION = YES;
				CLANG_WARN_COMMA = YES;
				CLANG_WARN_CONSTANT_CONVERSION = YES;
				CLANG_WARN_DEPRECATED_OBJC_IMPLEMENTATIONS = YES;
				CLANG_WARN_DIRECT_OBJC_ISA_USAGE = YES_ERROR;
				CLANG_WARN_DOCUMENTATION_COMMENTS = YES;
				CLANG_WARN_EMPTY_BODY = YES;
				CLANG_WARN_ENUM_CONVERSION = YES;
				CLANG_WARN_INFINITE_RECURSION = YES;
				CLANG_WARN_INT_CONVERSION = YES;
				CLANG_WARN_NON_LITERAL_NULL_CONVERSION = YES;
				CLANG_WARN_OBJC_IMPLICIT_RETAIN_SELF = YES;
				CLANG_WARN_OBJC_LITERAL_CONVERSION = YES;
				CLANG_WARN_OBJC_ROOT_CLASS = YES_ERROR;
				CLANG_WARN_RANGE_LOOP_ANALYSIS = YES;
				CLANG_WARN_STRICT_PROTOTYPES = YES;
				CLANG_WARN_SUSPICIOUS_MOVE = YES;
				CLANG_WARN_UNGUARDED_AVAILABILITY = YES_AGGRESSIVE;
				CLANG_WARN_UNREACHABLE_CODE = YES;
				CLANG_WARN__DUPLICATE_METHOD_MATCH = YES;
				COPY_PHASE_STRIP = NO;
				DEBUG_INFORMATION_FORMAT = "dwarf-with-dsym";
				ENABLE_NS_ASSERTIONS = NO;
				ENABLE_STRICT_OBJC_MSGSEND = YES;
				GCC_C_LANGUAGE_STANDARD = gnu11;
				GCC_NO_COMMON_BLOCKS = YES;
				GCC_WARN_64_TO_32_BIT_CONVERSION = YES;
				GCC_WARN_ABOUT_RETURN_TYPE = YES_ERROR;
				GCC_WARN_UNDECLARED_SELECTOR = YES;
				GCC_WARN_UNINITIALIZED_AUTOS = YES_AGGRESSIVE;
				GCC_WARN_UNUSED_FUNCTION = YES;
				GCC_WARN_UNUSED_VARIABLE = YES;
				MACOSX_DEPLOYMENT_TARGET = 10.13;
				MTL_ENABLE_DEBUG_INFO = NO;
				MTL_FAST_MATH = YES;
				SDKROOT = macosx;
			};
			name = Release;
		};
		269B6C4025FFD58000E26A95 /* Debug */ = {
			isa = XCBuildConfiguration;
			buildSettings = {
				ASSETCATALOG_COMPILER_APPICON_NAME = AppIcon;
				CODE_SIGN_ENTITLEMENTS = CircleViewNew/CircleViewNew.entitlements;
				CODE_SIGN_IDENTITY = "Mac Developer";
				CODE_SIGN_STYLE = Automatic;
				COMBINE_HIDPI_IMAGES = YES;
				DEVELOPMENT_TEAM = P8TSSKQDC4;
				ENABLE_HARDENED_RUNTIME = YES;
				INFOPLIST_FILE = CircleViewNew/Info.plist;
				LD_RUNPATH_SEARCH_PATHS = (
					"$(inherited)",
					"@executable_path/../Frameworks",
				);
				PRODUCT_BUNDLE_IDENTIFIER = LegoEsprit.CircleViewNew;
				PRODUCT_NAME = "$(TARGET_NAME)";
				PROVISIONING_PROFILE_SPECIFIER = "";
			};
			name = Debug;
		};
		269B6C4125FFD58000E26A95 /* Release */ = {
			isa = XCBuildConfiguration;
			buildSettings = {
				ASSETCATALOG_COMPILER_APPICON_NAME = AppIcon;
				CODE_SIGN_ENTITLEMENTS = CircleViewNew/CircleViewNew.entitlements;
				CODE_SIGN_IDENTITY = "Mac Developer";
				CODE_SIGN_STYLE = Automatic;
				COMBINE_HIDPI_IMAGES = YES;
				DEVELOPMENT_TEAM = P8TSSKQDC4;
				ENABLE_HARDENED_RUNTIME = YES;
				INFOPLIST_FILE = CircleViewNew/Info.plist;
				LD_RUNPATH_SEARCH_PATHS = (
					"$(inherited)",
					"@executable_path/../Frameworks",
				);
				PRODUCT_BUNDLE_IDENTIFIER = LegoEsprit.CircleViewNew;
				PRODUCT_NAME = "$(TARGET_NAME)";
				PROVISIONING_PROFILE_SPECIFIER = "";
			};
			name = Release;
		};
/* End XCBuildConfiguration section */

/* Begin XCConfigurationList section */
		269B6C2925FFD57F00E26A95 /* Build configuration list for PBXProject "CircleViewNew" */ = {
			isa = XCConfigurationList;
			buildConfigurations = (
				269B6C3D25FFD58000E26A95 /* Debug */,
				269B6C3E25FFD58000E26A95 /* Release */,
			);
			defaultConfigurationIsVisible = 0;
			defaultConfigurationName = Release;
		};
		269B6C3F25FFD58000E26A95 /* Build configuration list for PBXNativeTarget "CircleViewNew" */ = {
			isa = XCConfigurationList;
			buildConfigurations = (
				269B6C4025FFD58000E26A95 /* Debug */,
				269B6C4125FFD58000E26A95 /* Release */,
			);
			defaultConfigurationIsVisible = 0;
			defaultConfigurationName = Release;
		};
/* End XCConfigurationList section */
	};
	rootObject = 269B6C2625FFD57F00E26A95 /* Project object */;
}
