// !$*UTF8*$!
{
	archiveVersion = 1;
	classes = {
	};
	objectVersion = 50;
	objects = {

/* Begin PBXBuildFile section */
		26F949B1260F2E6500BEE62E /* AppDelegate.m in Sources */ = {isa = PBXBuildFile; fileRef = 26F949B0260F2E6500BEE62E /* AppDelegate.m */; };
		26F949B3260F2E6600BEE62E /* Assets.xcassets in Resources */ = {isa = PBXBuildFile; fileRef = 26F949B2260F2E6600BEE62E /* Assets.xcassets */; };
		26F949B6260F2E6600BEE62E /* MainMenu.xib in Resources */ = {isa = PBXBuildFile; fileRef = 26F949B4260F2E6600BEE62E /* MainMenu.xib */; };
		26F949B9260F2E6600BEE62E /* main.m in Sources */ = {isa = PBXBuildFile; fileRef = 26F949B8260F2E6600BEE62E /* main.m */; };
/* End PBXBuildFile section */

/* Begin PBXFileReference section */
		26F949AC260F2E6500BEE62E /* TestAgain.app */ = {isa = PBXFileReference; explicitFileType = wrapper.application; includeInIndex = 0; path = TestAgain.app; sourceTree = BUILT_PRODUCTS_DIR; };
		26F949AF260F2E6500BEE62E /* AppDelegate.h */ = {isa = PBXFileReference; lastKnownFileType = sourcecode.c.h; path = AppDelegate.h; sourceTree = "<group>"; };
		26F949B0260F2E6500BEE62E /* AppDelegate.m */ = {isa = PBXFileReference; lastKnownFileType = sourcecode.c.objc; path = AppDelegate.m; sourceTree = "<group>"; };
		26F949B2260F2E6600BEE62E /* Assets.xcassets */ = {isa = PBXFileReference; lastKnownFileType = folder.assetcatalog; path = Assets.xcassets; sourceTree = "<group>"; };
		26F949B5260F2E6600BEE62E /* Base */ = {isa = PBXFileReference; lastKnownFileType = file.xib; name = Base; path = Base.lproj/MainMenu.xib; sourceTree = "<group>"; };
		26F949B7260F2E6600BEE62E /* Info.plist */ = {isa = PBXFileReference; lastKnownFileType = text.plist.xml; path = Info.plist; sourceTree = "<group>"; };
		26F949B8260F2E6600BEE62E /* main.m */ = {isa = PBXFileReference; lastKnownFileType = sourcecode.c.objc; path = main.m; sourceTree = "<group>"; };
		26F949BA260F2E6600BEE62E /* TestAgain.entitlements */ = {isa = PBXFileReference; lastKnownFileType = text.plist.entitlements; path = TestAgain.entitlements; sourceTree = "<group>"; };
/* End PBXFileReference section */

/* Begin PBXFrameworksBuildPhase section */
		26F949A9260F2E6500BEE62E /* Frameworks */ = {
			isa = PBXFrameworksBuildPhase;
			buildActionMask = 2147483647;
			files = (
			);
			runOnlyForDeploymentPostprocessing = 0;
		};
/* End PBXFrameworksBuildPhase section */

/* Begin PBXGroup section */
		26F949A3260F2E6500BEE62E = {
			isa = PBXGroup;
			children = (
				26F949AE260F2E6500BEE62E /* TestAgain */,
				26F949AD260F2E6500BEE62E /* Products */,
			);
			sourceTree = "<group>";
		};
		26F949AD260F2E6500BEE62E /* Products */ = {
			isa = PBXGroup;
			children = (
				26F949AC260F2E6500BEE62E /* TestAgain.app */,
			);
			name = Products;
			sourceTree = "<group>";
		};
		26F949AE260F2E6500BEE62E /* TestAgain */ = {
			isa = PBXGroup;
			children = (
				26F949AF260F2E6500BEE62E /* AppDelegate.h */,
				26F949B0260F2E6500BEE62E /* AppDelegate.m */,
				26F949B2260F2E6600BEE62E /* Assets.xcassets */,
				26F949B4260F2E6600BEE62E /* MainMenu.xib */,
				26F949B7260F2E6600BEE62E /* Info.plist */,
				26F949B8260F2E6600BEE62E /* main.m */,
				26F949BA260F2E6600BEE62E /* TestAgain.entitlements */,
			);
			path = TestAgain;
			sourceTree = "<group>";
		};
/* End PBXGroup section */

/* Begin PBXNativeTarget section */
		26F949AB260F2E6500BEE62E /* TestAgain */ = {
			isa = PBXNativeTarget;
			buildConfigurationList = 26F949BD260F2E6600BEE62E /* Build configuration list for PBXNativeTarget "TestAgain" */;
			buildPhases = (
				26F949A8260F2E6500BEE62E /* Sources */,
				26F949A9260F2E6500BEE62E /* Frameworks */,
				26F949AA260F2E6500BEE62E /* Resources */,
			);
			buildRules = (
			);
			dependencies = (
			);
			name = TestAgain;
			productName = TestAgain;
			productReference = 26F949AC260F2E6500BEE62E /* TestAgain.app */;
			productType = "com.apple.product-type.application";
		};
/* End PBXNativeTarget section */

/* Begin PBXProject section */
		26F949A4260F2E6500BEE62E /* Project object */ = {
			isa = PBXProject;
			attributes = {
				LastUpgradeCheck = 1010;
				ORGANIZATIONNAME = "Heinz-Jörg";
				TargetAttributes = {
					26F949AB260F2E6500BEE62E = {
						CreatedOnToolsVersion = 10.1;
					};
				};
			};
			buildConfigurationList = 26F949A7260F2E6500BEE62E /* Build configuration list for PBXProject "TestAgain" */;
			compatibilityVersion = "Xcode 9.3";
			developmentRegion = en;
			hasScannedForEncodings = 0;
			knownRegions = (
				en,
				Base,
			);
			mainGroup = 26F949A3260F2E6500BEE62E;
			productRefGroup = 26F949AD260F2E6500BEE62E /* Products */;
			projectDirPath = "";
			projectRoot = "";
			targets = (
				26F949AB260F2E6500BEE62E /* TestAgain */,
			);
		};
/* End PBXProject section */

/* Begin PBXResourcesBuildPhase section */
		26F949AA260F2E6500BEE62E /* Resources */ = {
			isa = PBXResourcesBuildPhase;
			buildActionMask = 2147483647;
			files = (
				26F949B3260F2E6600BEE62E /* Assets.xcassets in Resources */,
				26F949B6260F2E6600BEE62E /* MainMenu.xib in Resources */,
			);
			runOnlyForDeploymentPostprocessing = 0;
		};
/* End PBXResourcesBuildPhase section */

/* Begin PBXSourcesBuildPhase section */
		26F949A8260F2E6500BEE62E /* Sources */ = {
			isa = PBXSourcesBuildPhase;
			buildActionMask = 2147483647;
			files = (
				26F949B9260F2E6600BEE62E /* main.m in Sources */,
				26F949B1260F2E6500BEE62E /* AppDelegate.m in Sources */,
			);
			runOnlyForDeploymentPostprocessing = 0;
		};
/* End PBXSourcesBuildPhase section */

/* Begin PBXVariantGroup section */
		26F949B4260F2E6600BEE62E /* MainMenu.xib */ = {
			isa = PBXVariantGroup;
			children = (
				26F949B5260F2E6600BEE62E /* Base */,
			);
			name = MainMenu.xib;
			sourceTree = "<group>";
		};
/* End PBXVariantGroup section */

/* Begin XCBuildConfiguration section */
		26F949BB260F2E6600BEE62E /* Debug */ = {
			isa = XCBuildConfiguration;
			buildSettings = {
				ALWAYS_SEARCH_USER_PATHS = NO;
				CLANG_ANALYZER_NONNULL = YES;
				CLANG_ANALYZER_NUMBER_OBJECT_CONVERSION = YES_AGGRESSIVE;
				CLANG_CXX_LANGUAGE_STANDARD = "gnu++14";
				CLANG_CXX_LIBRARY = "libc++";
				CLANG_ENABLE_MODULES = YES;
				CLANG_ENABLE_OBJC_ARC = YES;
				CLANG_ENABLE_OBJC_WEAK = YES;
				CLANG_WARN_BLOCK_CAPTURE_AUTORELEASING = YES;
				CLANG_WARN_BOOL_CONVERSION = YES;
				CLANG_WARN_COMMA = YES;
				CLANG_WARN_CONSTANT_CONVERSION = YES;
				CLANG_WARN_DEPRECATED_OBJC_IMPLEMENTATIONS = YES;
				CLANG_WARN_DIRECT_OBJC_ISA_USAGE = YES_ERROR;
				CLANG_WARN_DOCUMENTATION_COMMENTS = YES;
				CLANG_WARN_EMPTY_BODY = YES;
				CLANG_WARN_ENUM_CONVERSION = YES;
				CLANG_WARN_INFINITE_RECURSION = YES;
				CLANG_WARN_INT_CONVERSION = YES;
				CLANG_WARN_NON_LITERAL_NULL_CONVERSION = YES;
				CLANG_WARN_OBJC_IMPLICIT_RETAIN_SELF = YES;
				CLANG_WARN_OBJC_LITERAL_CONVERSION = YES;
				CLANG_WARN_OBJC_ROOT_CLASS = YES_ERROR;
				CLANG_WARN_RANGE_LOOP_ANALYSIS = YES;
				CLANG_WARN_STRICT_PROTOTYPES = YES;
				CLANG_WARN_SUSPICIOUS_MOVE = YES;
				CLANG_WARN_UNGUARDED_AVAILABILITY = YES_AGGRESSIVE;
				CLANG_WARN_UNREACHABLE_CODE = YES;
				CLANG_WARN__DUPLICATE_METHOD_MATCH = YES;
				CODE_SIGN_IDENTITY = "Mac Developer";
				COPY_PHASE_STRIP = NO;
				DEBUG_INFORMATION_FORMAT = dwarf;
				ENABLE_STRICT_OBJC_MSGSEND = YES;
				ENABLE_TESTABILITY = YES;
				GCC_C_LANGUAGE_STANDARD = gnu11;
				GCC_DYNAMIC_NO_PIC = NO;
				GCC_NO_COMMON_BLOCKS = YES;
				GCC_OPTIMIZATION_LEVEL = 0;
				GCC_PREPROCESSOR_DEFINITIONS = (
					"DEBUG=1",
					"$(inherited)",
				);
				GCC_WARN_64_TO_32_BIT_CONVERSION = YES;
				GCC_WARN_ABOUT_RETURN_TYPE = YES_ERROR;
				GCC_WARN_UNDECLARED_SELECTOR = YES;
				GCC_WARN_UNINITIALIZED_AUTOS = YES_AGGRESSIVE;
				GCC_WARN_UNUSED_FUNCTION = YES;
				GCC_WARN_UNUSED_VARIABLE = YES;
				MACOSX_DEPLOYMENT_TARGET = 10.13;
				MTL_ENABLE_DEBUG_INFO = INCLUDE_SOURCE;
				MTL_FAST_MATH = YES;
				ONLY_ACTIVE_ARCH = YES;
				SDKROOT = macosx;
			};
			name = Debug;
		};
		26F949BC260F2E6600BEE62E /* Release */ = {
			isa = XCBuildConfiguration;
			buildSettings = {
				ALWAYS_SEARCH_USER_PATHS = NO;
				CLANG_ANALYZER_NONNULL = YES;
				CLANG_ANALYZER_NUMBER_OBJECT_CONVERSION = YES_AGGRESSIVE;
				CLANG_CXX_LANGUAGE_STANDARD = "gnu++14";
				CLANG_CXX_LIBRARY = "libc++";
				CLANG_ENABLE_MODULES = YES;
				CLANG_ENABLE_OBJC_ARC = YES;
				CLANG_ENABLE_OBJC_WEAK = YES;
				CLANG_WARN_BLOCK_CAPTURE_AUTORELEASING = YES;
				CLANG_WARN_BOOL_CONVERSION = YES;
				CLANG_WARN_COMMA = YES;
				CLANG_WARN_CONSTANT_CONVERSION = YES;
				CLANG_WARN_DEPRECATED_OBJC_IMPLEMENTATIONS = YES;
				CLANG_WARN_DIRECT_OBJC_ISA_USAGE = YES_ERROR;
				CLANG_WARN_DOCUMENTATION_COMMENTS = YES;
				CLANG_WARN_EMPTY_BODY = YES;
				CLANG_WARN_ENUM_CONVERSION = YES;
				CLANG_WARN_INFINITE_RECURSION = YES;
				CLANG_WARN_INT_CONVERSION = YES;
				CLANG_WARN_NON_LITERAL_NULL_CONVERSION = YES;
				CLANG_WARN_OBJC_IMPLICIT_RETAIN_SELF = YES;
				CLANG_WARN_OBJC_LITERAL_CONVERSION = YES;
				CLANG_WARN_OBJC_ROOT_CLASS = YES_ERROR;
				CLANG_WARN_RANGE_LOOP_ANALYSIS = YES;
				CLANG_WARN_STRICT_PROTOTYPES = YES;
				CLANG_WARN_SUSPICIOUS_MOVE = YES;
				CLANG_WARN_UNGUARDED_AVAILABILITY = YES_AGGRESSIVE;
				CLANG_WARN_UNREACHABLE_CODE = YES;
				CLANG_WARN__DUPLICATE_METHOD_MATCH = YES;
				CODE_SIGN_IDENTITY = "Mac Developer";
				COPY_PHASE_STRIP = NO;
				DEBUG_INFORMATION_FORMAT = "dwarf-with-dsym";
				ENABLE_NS_ASSERTIONS = NO;
				ENABLE_STRICT_OBJC_MSGSEND = YES;
				GCC_C_LANGUAGE_STANDARD = gnu11;
				GCC_NO_COMMON_BLOCKS = YES;
				GCC_WARN_64_TO_32_BIT_CONVERSION = YES;
				GCC_WARN_ABOUT_RETURN_TYPE = YES_ERROR;
				GCC_WARN_UNDECLARED_SELECTOR = YES;
				GCC_WARN_UNINITIALIZED_AUTOS = YES_AGGRESSIVE;
				GCC_WARN_UNUSED_FUNCTION = YES;
				GCC_WARN_UNUSED_VARIABLE = YES;
				MACOSX_DEPLOYMENT_TARGET = 10.13;
				MTL_ENABLE_DEBUG_INFO = NO;
				MTL_FAST_MATH = YES;
				SDKROOT = macosx;
			};
			name = Release;
		};
		26F949BE260F2E6600BEE62E /* Debug */ = {
			isa = XCBuildConfiguration;
			buildSettings = {
				ASSETCATALOG_COMPILER_APPICON_NAME = AppIcon;
				CODE_SIGN_ENTITLEMENTS = TestAgain/TestAgain.entitlements;
				CODE_SIGN_STYLE = Automatic;
				COMBINE_HIDPI_IMAGES = YES;
				DEVELOPMENT_TEAM = P8TSSKQDC4;
				INFOPLIST_FILE = TestAgain/Info.plist;
				LD_RUNPATH_SEARCH_PATHS = (
					"$(inherited)",
					"@executable_path/../Frameworks",
				);
				PRODUCT_BUNDLE_IDENTIFIER = "heinz-joerg.schroeder-kabelbw.de.TestAgain";
				PRODUCT_NAME = "$(TARGET_NAME)";
			};
			name = Debug;
		};
		26F949BF260F2E6600BEE62E /* Release */ = {
			isa = XCBuildConfiguration;
			buildSettings = {
				ASSETCATALOG_COMPILER_APPICON_NAME = AppIcon;
				CODE_SIGN_ENTITLEMENTS = TestAgain/TestAgain.entitlements;
				CODE_SIGN_STYLE = Automatic;
				COMBINE_HIDPI_IMAGES = YES;
				DEVELOPMENT_TEAM = P8TSSKQDC4;
				INFOPLIST_FILE = TestAgain/Info.plist;
				LD_RUNPATH_SEARCH_PATHS = (
					"$(inherited)",
					"@executable_path/../Frameworks",
				);
				PRODUCT_BUNDLE_IDENTIFIER = "heinz-joerg.schroeder-kabelbw.de.TestAgain";
				PRODUCT_NAME = "$(TARGET_NAME)";
			};
			name = Release;
		};
/* End XCBuildConfiguration section */

/* Begin XCConfigurationList section */
		26F949A7260F2E6500BEE62E /* Build configuration list for PBXProject "TestAgain" */ = {
			isa = XCConfigurationList;
			buildConfigurations = (
				26F949BB260F2E6600BEE62E /* Debug */,
				26F949BC260F2E6600BEE62E /* Release */,
			);
			defaultConfigurationIsVisible = 0;
			defaultConfigurationName = Release;
		};
		26F949BD260F2E6600BEE62E /* Build configuration list for PBXNativeTarget "TestAgain" */ = {
			isa = XCConfigurationList;
			buildConfigurations = (
				26F949BE260F2E6600BEE62E /* Debug */,
				26F949BF260F2E6600BEE62E /* Release */,
			);
			defaultConfigurationIsVisible = 0;
			defaultConfigurationName = Release;
		};
/* End XCConfigurationList section */
	};
	rootObject = 26F949A4260F2E6500BEE62E /* Project object */;
}
